# This file is generated by running "yarn install" inside your project.
# Manual changes might be lost - proceed with caution!

__metadata:
  version: 8
  cacheKey: 10c0

"@yarnpkg/types@npm:^4.0.0":
  version: 4.0.0
  resolution: "@yarnpkg/types@npm:4.0.0"
  dependencies:
    tslib: "npm:^2.4.0"
  checksum: 10c0/41f67a4aa5c414c1e228f51453451fa15e0dd70c5cf2b1ae1ca142a3f018f25e4a37e60372cd0f5970c755e1804a2e31e208bff427add1cf13f899b0b9adc1e0
  languageName: node
  linkType: hard

"micro-app-monorepo@workspace:.":
  version: 0.0.0-use.local
  resolution: "micro-app-monorepo@workspace:."
  dependencies:
    "@yarnpkg/types": "npm:^4.0.0"
  languageName: unknown
  linkType: soft

"tslib@npm:^2.4.0":
  version: 2.7.0
  resolution: "tslib@npm:2.7.0"
  checksum: 10c0/469e1d5bf1af585742128827000711efa61010b699cb040ab1800bcd3ccdd37f63ec30642c9e07c4439c1db6e46345582614275daca3e0f4abae29b0083f04a6
  languageName: node
  linkType: hard
